
Microsoft Visual Studio Solution File, Format Version 11.00
# Visual Studio 2010
Project("{FAE04EC0-301F-11D3-BF4B-00C04F79EFBC}") = "Prelude", "Prelude.csproj", "{A95C78E3-35E3-4721-9EC0-F3088169544C}"
EndProject
Project("{FAE04EC0-301F-11D3-BF4B-00C04F79EFBC}") = "Harmony", "..\Harmony\Harmony.csproj", "{D9F062F5-E0B9-403D-8245-0BBEB144E958}"
EndProject
Global
	GlobalSection(SolutionConfigurationPlatforms) = preSolution
		Debug|Any CPU = Debug|Any CPU
		Debug|Mixed Platforms = Debug|Mixed Platforms
		Debug|x86 = Debug|x86
		Release|Any CPU = Release|Any CPU
		Release|Mixed Platforms = Release|Mixed Platforms
		Release|x86 = Release|x86
	EndGlobalSection
	GlobalSection(ProjectConfigurationPlatforms) = postSolution
		{A95C78E3-35E3-4721-9EC0-F3088169544C}.Debug|Any CPU.ActiveCfg = Debug|Any CPU
		{A95C78E3-35E3-4721-9EC0-F3088169544C}.Debug|Any CPU.Build.0 = Debug|Any CPU
		{A95C78E3-35E3-4721-9EC0-F3088169544C}.Debug|Mixed Platforms.ActiveCfg = Release|Any CPU
		{A95C78E3-35E3-4721-9EC0-F3088169544C}.Debug|Mixed Platforms.Build.0 = Release|Any CPU
		{A95C78E3-35E3-4721-9EC0-F3088169544C}.Debug|x86.ActiveCfg = Debug|Any CPU
		{A95C78E3-35E3-4721-9EC0-F3088169544C}.Release|Any CPU.ActiveCfg = Release|Any CPU
		{A95C78E3-35E3-4721-9EC0-F3088169544C}.Release|Any CPU.Build.0 = Release|Any CPU
		{A95C78E3-35E3-4721-9EC0-F3088169544C}.Release|Mixed Platforms.ActiveCfg = Release|Any CPU
		{A95C78E3-35E3-4721-9EC0-F3088169544C}.Release|Mixed Platforms.Build.0 = Release|Any CPU
		{A95C78E3-35E3-4721-9EC0-F3088169544C}.Release|x86.ActiveCfg = Release|Any CPU
		{D9F062F5-E0B9-403D-8245-0BBEB144E958}.Debug|Any CPU.ActiveCfg = Debug|Any CPU
		{D9F062F5-E0B9-403D-8245-0BBEB144E958}.Debug|Any CPU.Build.0 = Debug|Any CPU
		{D9F062F5-E0B9-403D-8245-0BBEB144E958}.Debug|Mixed Platforms.ActiveCfg = Debug|Any CPU
		{D9F062F5-E0B9-403D-8245-0BBEB144E958}.Debug|Mixed Platforms.Build.0 = Debug|Any CPU
		{D9F062F5-E0B9-403D-8245-0BBEB144E958}.Debug|x86.ActiveCfg = Debug|Any CPU
		{D9F062F5-E0B9-403D-8245-0BBEB144E958}.Release|Any CPU.ActiveCfg = Release|Any CPU
		{D9F062F5-E0B9-403D-8245-0BBEB144E958}.Release|Any CPU.Build.0 = Release|Any CPU
		{D9F062F5-E0B9-403D-8245-0BBEB144E958}.Release|Mixed Platforms.ActiveCfg = Release|Any CPU
		{D9F062F5-E0B9-403D-8245-0BBEB144E958}.Release|Mixed Platforms.Build.0 = Release|Any CPU
		{D9F062F5-E0B9-403D-8245-0BBEB144E958}.Release|x86.ActiveCfg = Release|Any CPU
	EndGlobalSection
	GlobalSection(SolutionProperties) = preSolution
		HideSolutionNode = FALSE
	EndGlobalSection
EndGlobal
